
Microsoft Visual Studio Solution File, Format Version 12.00
# Visual Studio Version 16
VisualStudioVersion = 16.0.808.6
MinimumVisualStudioVersion = 10.0.40219.1
Project("{FAE04EC0-301F-11D3-BF4B-00C04F79EFBC}") = "TestApplication", "TestApplication\TestApplication.csproj", "{3CCBBEE2-54BF-4E90-BAF1-896B42C5E05D}"
EndProject
Global
	GlobalSection(SolutionConfigurationPlatforms) = preSolution
		Debug|Any CPU = Debug|Any CPU
		Release|Any CPU = Release|Any CPU
	EndGlobalSection
	GlobalSection(ProjectConfigurationPlatforms) = postSolution
		{3CCBBEE2-54BF-4E90-BAF1-896B42C5E05D}.Debug|Any CPU.ActiveCfg = Debug|Any CPU
		{3CCBBEE2-54BF-4E90-BAF1-896B42C5E05D}.Debug|Any CPU.Build.0 = Debug|Any CPU
		{3CCBBEE2-54BF-4E90-BAF1-896B42C5E05D}.Release|Any CPU.ActiveCfg = Release|Any CPU
		{3CCBBEE2-54BF-4E90-BAF1-896B42C5E05D}.Release|Any CPU.Build.0 = Release|Any CPU
	EndGlobalSection
	GlobalSection(SolutionProperties) = preSolution
		HideSolutionNode = FALSE
	EndGlobalSection
	GlobalSection(ExtensibilityGlobals) = postSolution
		SolutionGuid = {46EED098-B368-4087-8B62-80095BA7A596}
	EndGlobalSection
EndGlobal
